lockfileVersion: '9.0'

settings:
  autoInstallPeers: true
  excludeLinksFromLockfile: false

importers:

  .:
    dependencies:
      '@aws-sdk/client-s3':
        specifier: ^3.0.0
        version: 3.998.0
      tree-sitter:
        specifier: ^0.21.0
        version: 0.21.1
      tree-sitter-c-sharp:
        specifier: ^0.21.0
        version: 0.21.3(tree-sitter@0.21.1)
      tree-sitter-java:
        specifier: ^0.21.0
        version: 0.21.0(tree-sitter@0.21.1)
      tree-sitter-javascript:
        specifier: ^0.21.0
        version: 0.21.4(tree-sitter@0.21.1)
      tree-sitter-typescript:
        specifier: ^0.21.0
        version: 0.21.2(tree-sitter@0.21.1)
    devDependencies:
      '@types/node':
        specifier: ^20.0.0
        version: 20.19.34

packages:

  '@aws-crypto/crc32@5.2.0':
    resolution: {integrity: sha512-nLbCWqQNgUiwwtFsen1AdzAtvuLRsQS8rYgMuxCrdKf9kOssamGLuPwyTY9wyYblNr9+1XM8v6zoDTPPSIeANg==}
    engines: {node: '>=16.0.0'}

  '@aws-crypto/crc32c@5.2.0':
    resolution: {integrity: sha512-+iWb8qaHLYKrNvGRbiYRHSdKRWhto5XlZUEBwDjYNf+ly5SVYG6zEoYIdxvf5R3zyeP16w4PLBn3rH1xc74Rag==}

  '@aws-crypto/sha1-browser@5.2.0':
    resolution: {integrity: sha512-OH6lveCFfcDjX4dbAvCFSYUjJZjDr/3XJ3xHtjn3Oj5b9RjojQo8npoLeA/bNwkOkrSQ0wgrHzXk4tDRxGKJeg==}

  '@aws-crypto/sha256-browser@5.2.0':
    resolution: {integrity: sha512-AXfN/lGotSQwu6HNcEsIASo7kWXZ5HYWvfOmSNKDsEqC4OashTp8alTmaz+F7TC2L083SFv5RdB+qU3Vs1kZqw==}

  '@aws-crypto/sha256-js@5.2.0':
    resolution: {integrity: sha512-FFQQyu7edu4ufvIZ+OadFpHHOt+eSTBaYaki44c+akjg7qZg9oOQeLlk77F6tSYqjDAFClrHJk9tMf0HdVyOvA==}
    engines: {node: '>=16.0.0'}

  '@aws-crypto/supports-web-crypto@5.2.0':
    resolution: {integrity: sha512-iAvUotm021kM33eCdNfwIN//F77/IADDSs58i+MDaOqFrVjZo9bAal0NK7HurRuWLLpF1iLX7gbWrjHjeo+YFg==}

  '@aws-crypto/util@5.2.0':
    resolution: {integrity: sha512-4RkU9EsI6ZpBve5fseQlGNUWKMa1RLPQ1dnjnQoe07ldfIzcsGb5hC5W0Dm7u423KWzawlrpbjXBrXCEv9zazQ==}

  '@aws-sdk/client-s3@3.998.0':
    resolution: {integrity: sha512-XkJ6GN+egutEHSa9+t4OngCRyyP6Zl+4FX+hN7rDqlLjPuK++NHdMVrRSaVq1/H1m0+Nif0Rtz1BiTYP/htmvg==}
    engines: {node: '>=20.0.0'}

  '@aws-sdk/core@3.973.14':
    resolution: {integrity: sha512-iAQ1jIGESTVjoqNNY9VlsE9FnCz+Hc8s+dgurF6WrgFyVIw+uggH+V102RFhwjRv4dLSSLfzjDwvQnLszov7TQ==}
    engines: {node: '>=20.0.0'}

  '@aws-sdk/crc64-nvme@3.972.2':
    resolution: {integrity: sha512-mhTYqkvoC9pm8Lm7KWmH/BDXylzwOTnqqbix4mUG/AODazcigIKRYkzPc2bld6q4h9q1asQCiPC2S1Q6rvSjIQ==}
    engines: {node: '>=20.0.0'}

  '@aws-sdk/credential-provider-env@3.972.12':
    resolution: {integrity: sha512-WPtj/iAYHHd+NDM6AZoilZwUz0nMaPxbTPGLA7nhyIYRZN2L8trqfbNvm7g/Jr3gzfKp1LpO6AtBTnrhz9WW2g==}
    engines: {node: '>=20.0.0'}

  '@aws-sdk/credential-provider-http@3.972.14':
    resolution: {integrity: sha512-umtjCicH2o/Fcc8Fu1562UkDyt6gql4czTYVlUfHfAM8S4QEKggzmtHYYYpPfQcjFj1ajyy68ahYSuF67x4ptQ==}
    engines: {node: '>=20.0.0'}

  '@aws-sdk/credential-provider-ini@3.972.12':
    resolution: {integrity: sha512-qjzgnMl6GIBbVeK74jBqSF07+s6kyeZl5R88qjMs302JlqkxE57jkvflDmZ9I017ffEWqIUa9/M4Hfp28qyu1g==}
    engines: {node: '>=20.0.0'}

  '@aws-sdk/credential-provider-login@3.972.12':
    resolution: {integrity: sha512-AO57y46PzG24bJzxWLk+FYJG6MzxvXoFXnOKnmKUGV43ub4/FS/4Rz7zCC6ThqUotgqEFd30l5LTAd65RP65pg==}
    engines: {node: '>=20.0.0'}

  '@aws-sdk/credential-provider-node@3.972.13':
    resolution: {integrity: sha512-ME2sgus+gFRtiudy5Xqj9iT/tj8lHOIGrFgktuO5skJU4EngOvTZ1Hpj8mknrW4FgWXmpWhc88NtEscUuuDpKw==}
    engines: {node: '>=20.0.0'}

  '@aws-sdk/credential-provider-process@3.972.12':
    resolution: {integrity: sha512-msxrHBpVP5AOIDohNPCINUtL47f7XI1TEru3N13uM3nWUMvIRA1vFa8Tlxbxm1EntPPvLAxRmvE5EbjDjOZkbw==}
    engines: {node: '>=20.0.0'}

  '@aws-sdk/credential-provider-sso@3.972.12':
    resolution: {integrity: sha512-D5iC5546hJyhobJN0szOT4KVeJQ8z/meZq2B3lEDZFcvHONKw+tzq36DAJUy3qLTueeB2geSxiHXngQlA11eoA==}
    engines: {node: '>=20.0.0'}

  '@aws-sdk/credential-provider-web-identity@3.972.12':
    resolution: {integrity: sha512-yluBahBVsduoA/zgV0NAXtwwXvQ6tNn95dNA3Hg+vISdiPWA46QY0d9PLO2KpNbjtm+1oGcWxemS4fYTwJ0W1w==}
    engines: {node: '>=20.0.0'}

  '@aws-sdk/middleware-bucket-endpoint@3.972.5':
    resolution: {integrity: sha512-4+PMX1vuPoALVhuyW7M2GkV9XrkUeuqhuXPs1IkGo2/5dFM8TxM7gnB/evSNVF/o6NXwnO4Sc+6UtGCDhI6RLg==}
    engines: {node: '>=20.0.0'}

  '@aws-sdk/middleware-expect-continue@3.972.5':
    resolution: {integrity: sha512-8dM11mmRZ8ZrDdkBL5q7Rslhua/nASrUhis2BJuwz2hJ+QsyyuOtr2vvc83fM91YXq18oe26bZI9tboroSo4NA==}
    engines: {node: '>=20.0.0'}

  '@aws-sdk/middleware-flexible-checksums@3.973.0':
    resolution: {integrity: sha512-RAYonYq4Tk93fB+QlLlCEaB1nHSM4lTWq4KBJ7s5bh6y30uGaVTmFELSeWlfLVJipyJ/T1FBWmrYETMcNsESoQ==}
    engines: {node: '>=20.0.0'}

  '@aws-sdk/middleware-host-header@3.972.5':
    resolution: {integrity: sha512-dVA0m1cEQ2iA6yB19aHvWNeUVTuvTt3AXzT0aiIu2uxk0S7AcmwDCDaRgYa/v+eFHcJVxEnpYTozqA7X62xinw==}
    engines: {node: '>=20.0.0'}

  '@aws-sdk/middleware-location-constraint@3.972.5':
    resolution: {integrity: sha512-BC8MQUaG78oEGOjDdyGBLQCbio/KNeeMcbN8GZumW6yowe5MHyt//FJr8sipA1/hLOZ++lfpGk9bdaSo7LUpOw==}
    engines: {node: '>=20.0.0'}

  '@aws-sdk/middleware-logger@3.972.5':
    resolution: {integrity: sha512-03RqplLZjUTkYi0dDPR/bbOLnDLFNdaVvNENgA3XK7Ph1MhEBhUYlgoGfOyRAKApDZ+WG4ykOoA8jI8J04jmFA==}
    engines: {node: '>=20.0.0'}

  '@aws-sdk/middleware-recursion-detection@3.972.5':
    resolution: {integrity: sha512-2QSuuVkpHTe84+mDdnFjHX8rAP3g0yYwLVAhS3lQN1rW5Z/zNsf8/pYQrLjLO4n4sPCsUAkTa0Vrod0lk+o1Tg==}
    engines: {node: '>=20.0.0'}

  '@aws-sdk/middleware-sdk-s3@3.972.14':
    resolution: {integrity: sha512-qnNWgL2WLZbWQmrr+yB23ivo/L7POJxxFlQxhfDGM/NQ4OfG7YORtqwLps0mOMI8pH22kVeoNu+PB8cgRXLoqQ==}
    engines: {node: '>=20.0.0'}

  '@aws-sdk/middleware-ssec@3.972.5':
    resolution: {integrity: sha512-AfQgwVjK071d1F75jX49CE5KJTlAWwMKqHJoGzf8nUD04iSHw+93rzKSGAFHu3v06k32algI6pF+ctqV/Fjc1A==}
    engines: {node: '>=20.0.0'}

  '@aws-sdk/middleware-user-agent@3.972.14':
    resolution: {integrity: sha512-PzDz+yRAQuIzd+4ZY3s6/TYRzlNKAn4Gae3E5uLV7NnYHqrZHFoAfKE4beXcu3C51pA2/FQ3X2qOGSYqUoN1WQ==}
    engines: {node: '>=20.0.0'}

  '@aws-sdk/nested-clients@3.996.2':
    resolution: {integrity: sha512-W+u6EM8WRxOIhAhR2mXMHSaUygqItpTehkgxLwJngXqr9RlAR4t6CtECH7o7QK0ct3oyi5Z8ViDHtPbel+D2Rg==}
    engines: {node: '>=20.0.0'}

  '@aws-sdk/region-config-resolver@3.972.5':
    resolution: {integrity: sha512-AOitrygDwfTNCLCW7L+GScDy1p49FZ6WutTUFWROouoPetfVNmpL4q8TWD3MhfY/ynhoGhleUQENrBH374EU8w==}
    engines: {node: '>=20.0.0'}

  '@aws-sdk/signature-v4-multi-region@3.996.2':
    resolution: {integrity: sha512-fUWHKtgeTfTEML5gi3yugy7caaoe7/8YdM/H0gQXuSDYNL3hORyGST5RyLnhfVDeNgypANLpIP6wzzIq74kEwQ==}
    engines: {node: '>=20.0.0'}

  '@aws-sdk/token-providers@3.998.0':
    resolution: {integrity: sha512-JFzi44tQnENZQ+1DYcHfoa/wTRKkccz0VsNMow0rvsxZtqUEkeV2pYFbir35mHTyUKju9995ay1MAGxLt1dpRA==}
    engines: {node: '>=20.0.0'}

  '@aws-sdk/types@3.973.3':
    resolution: {integrity: sha512-tma6D8/xHZHJEUqmr6ksZjZ0onyIUqKDQLyp50ttZJmS0IwFYzxBgp5CxFvpYAnah52V3UtgrqGA6E83gtT7NQ==}
    engines: {node: '>=20.0.0'}

  '@aws-sdk/util-arn-parser@3.972.2':
    resolution: {integrity: sha512-VkykWbqMjlSgBFDyrY3nOSqupMc6ivXuGmvci6Q3NnLq5kC+mKQe2QBZ4nrWRE/jqOxeFP2uYzLtwncYYcvQDg==}
    engines: {node: '>=20.0.0'}

  '@aws-sdk/util-endpoints@3.996.2':
    resolution: {integrity: sha512-83E6T1CKi0/IozPzqRBKqduW0mS4UQdI3soBH6CG7UgupTADWunqEMOTuPWCs9XGjpJJ4ujj+yu7pn8svhp5yg==}
    engines: {node: '>=20.0.0'}

  '@aws-sdk/util-locate-window@3.965.4':
    resolution: {integrity: sha512-H1onv5SkgPBK2P6JR2MjGgbOnttoNzSPIRoeZTNPZYyaplwGg50zS3amXvXqF0/qfXpWEC9rLWU564QTB9bSog==}
    engines: {node: '>=20.0.0'}

  '@aws-sdk/util-user-agent-browser@3.972.5':
    resolution: {integrity: sha512-2ja1WqtuBaEAMgVoHYuWx393DF6ULqdt3OozeO7BosqouYaoU47Adtp9vEF+GImSG/Q8A+dqfwDULTTdMkHGUQ==}

  '@aws-sdk/util-user-agent-node@3.972.13':
    resolution: {integrity: sha512-PHErmuu+v6iAST48zcsB2cYwDKW45gk6qCp49t1p0NGZ4EaFPr/tA5jl0X/ekDwvWbuT0LTj++fjjdVQAbuh0Q==}
    engines: {node: '>=20.0.0'}
    peerDependencies:
      aws-crt: '>=1.0.0'
    peerDependenciesMeta:
      aws-crt:
        optional: true

  '@aws-sdk/xml-builder@3.972.7':
    resolution: {integrity: sha512-9GF86s6mHuc1TYCbuKatMDWl2PyK3KIkpRaI7ul2/gYZPfaLzKZ+ISHhxzVb9KVeakf75tUQe6CXW2gugSCXNw==}
    engines: {node: '>=20.0.0'}

  '@aws/lambda-invoke-store@0.2.3':
    resolution: {integrity: sha512-oLvsaPMTBejkkmHhjf09xTgk71mOqyr/409NKhRIL08If7AhVfUsJhVsx386uJaqNd42v9kWamQ9lFbkoC2dYw==}
    engines: {node: '>=18.0.0'}

  '@smithy/abort-controller@4.2.10':
    resolution: {integrity: sha512-qocxM/X4XGATqQtUkbE9SPUB6wekBi+FyJOMbPj0AhvyvFGYEmOlz6VB22iMePCQsFmMIvFSeViDvA7mZJG47g==}
    engines: {node: '>=18.0.0'}

  '@smithy/chunked-blob-reader-native@4.2.2':
    resolution: {integrity: sha512-QzzYIlf4yg0w5TQaC9VId3B3ugSk1MI/wb7tgcHtd7CBV9gNRKZrhc2EPSxSZuDy10zUZ0lomNMgkc6/VVe8xg==}
    engines: {node: '>=18.0.0'}

  '@smithy/chunked-blob-reader@5.2.1':
    resolution: {integrity: sha512-y5d4xRiD6TzeP5BWlb+Ig/VFqF+t9oANNhGeMqyzU7obw7FYgTgVi50i5JqBTeKp+TABeDIeeXFZdz65RipNtA==}
    engines: {node: '>=18.0.0'}

  '@smithy/config-resolver@4.4.9':
    resolution: {integrity: sha512-ejQvXqlcU30h7liR9fXtj7PIAau1t/sFbJpgWPfiYDs7zd16jpH0IsSXKcba2jF6ChTXvIjACs27kNMc5xxE2Q==}
    engines: {node: '>=18.0.0'}

  '@smithy/core@3.23.6':
    resolution: {integrity: sha512-4xE+0L2NrsFKpEVFlFELkIHQddBvMbQ41LRIP74dGCXnY1zQ9DgksrBcRBDJT+iOzGy4VEJIeU3hkUK5mn06kg==}
    engines: {node: '>=18.0.0'}

  '@smithy/credential-provider-imds@4.2.10':
    resolution: {integrity: sha512-3bsMLJJLTZGZqVGGeBVFfLzuRulVsGTj12BzRKODTHqUABpIr0jMN1vN3+u6r2OfyhAQ2pXaMZWX/swBK5I6PQ==}
    engines: {node: '>=18.0.0'}

  '@smithy/eventstream-codec@4.2.10':
    resolution: {integrity: sha512-A4ynrsFFfSXUHicfTcRehytppFBcY3HQxEGYiyGktPIOye3Ot7fxpiy4VR42WmtGI4Wfo6OXt/c1Ky1nUFxYYQ==}
    engines: {node: '>=18.0.0'}

  '@smithy/eventstream-serde-browser@4.2.10':
    resolution: {integrity: sha512-0xupsu9yj9oDVuQ50YCTS9nuSYhGlrwqdaKQel9y2Fz7LU9fNErVlw9N0o4pm4qqvWEGbSTI4HKc6XJfB30MVw==}
    engines: {node: '>=18.0.0'}

  '@smithy/eventstream-serde-config-resolver@4.3.10':
    resolution: {integrity: sha512-8kn6sinrduk0yaYHMJDsNuiFpXwQwibR7n/4CDUqn4UgaG+SeBHu5jHGFdU9BLFAM7Q4/gvr9RYxBHz9/jKrhA==}
    engines: {node: '>=18.0.0'}

  '@smithy/eventstream-serde-node@4.2.10':
    resolution: {integrity: sha512-uUrxPGgIffnYfvIOUmBM5i+USdEBRTdh7mLPttjphgtooxQ8CtdO1p6K5+Q4BBAZvKlvtJ9jWyrWpBJYzBKsyQ==}
    engines: {node: '>=18.0.0'}

  '@smithy/eventstream-serde-universal@4.2.10':
    resolution: {integrity: sha512-aArqzOEvcs2dK+xQVCgLbpJQGfZihw8SD4ymhkwNTtwKbnrzdhJsFDKuMQnam2kF69WzgJYOU5eJlCx+CA32bw==}
    engines: {node: '>=18.0.0'}

  '@smithy/fetch-http-handler@5.3.11':
    resolution: {integrity: sha512-wbTRjOxdFuyEg0CpumjZO0hkUl+fetJFqxNROepuLIoijQh51aMBmzFLfoQdwRjxsuuS2jizzIUTjPWgd8pd7g==}
    engines: {node: '>=18.0.0'}

  '@smithy/hash-blob-browser@4.2.11':
    resolution: {integrity: sha512-DrcAx3PM6AEbWZxsKl6CWAGnVwiz28Wp1ZhNu+Hi4uI/6C1PIZBIaPM2VoqBDAsOWbM6ZVzOEQMxFLLdmb4eBQ==}
    engines: {node: '>=18.0.0'}

  '@smithy/hash-node@4.2.10':
    resolution: {integrity: sha512-1VzIOI5CcsvMDvP3iv1vG/RfLJVVVc67dCRyLSB2Hn9SWCZrDO3zvcIzj3BfEtqRW5kcMg5KAeVf1K3dR6nD3w==}
    engines: {node: '>=18.0.0'}

  '@smithy/hash-stream-node@4.2.10':
    resolution: {integrity: sha512-w78xsYrOlwXKwN5tv1GnKIRbHb1HygSpeZMP6xDxCPGf1U/xDHjCpJu64c5T35UKyEPwa0bPeIcvU69VY3khUA==}
    engines: {node: '>=18.0.0'}

  '@smithy/invalid-dependency@4.2.10':
    resolution: {integrity: sha512-vy9KPNSFUU0ajFYk0sDZIYiUlAWGEAhRfehIr5ZkdFrRFTAuXEPUd41USuqHU6vvLX4r6Q9X7MKBco5+Il0Org==}
    engines: {node: '>=18.0.0'}

  '@smithy/is-array-buffer@2.2.0':
    resolution: {integrity: sha512-GGP3O9QFD24uGeAXYUjwSTXARoqpZykHadOmA8G5vfJPK0/DC67qa//0qvqrJzL1xc8WQWX7/yc7fwudjPHPhA==}
    engines: {node: '>=14.0.0'}

  '@smithy/is-array-buffer@4.2.1':
    resolution: {integrity: sha512-Yfu664Qbf1B4IYIsYgKoABt010daZjkaCRvdU/sPnZG6TtHOB0md0RjNdLGzxe5UIdn9js4ftPICzmkRa9RJ4Q==}
    engines: {node: '>=18.0.0'}

  '@smithy/md5-js@4.2.10':
    resolution: {integrity: sha512-Op+Dh6dPLWTjWITChFayDllIaCXRofOed8ecpggTC5fkh8yXes0vAEX7gRUfjGK+TlyxoCAA05gHbZW/zB9JwQ==}
    engines: {node: '>=18.0.0'}

  '@smithy/middleware-content-length@4.2.10':
    resolution: {integrity: sha512-TQZ9kX5c6XbjhaEBpvhSvMEZ0klBs1CFtOdPFwATZSbC9UeQfKHPLPN9Y+I6wZGMOavlYTOlHEPDrt42PMSH9w==}
    engines: {node: '>=18.0.0'}

  '@smithy/middleware-endpoint@4.4.20':
    resolution: {integrity: sha512-9W6Np4ceBP3XCYAGLoMCmn8t2RRVzuD1ndWPLBbv7H9CrwM9Bprf6Up6BM9ZA/3alodg0b7Kf6ftBK9R1N04vw==}
    engines: {node: '>=18.0.0'}

  '@smithy/middleware-retry@4.4.37':
    resolution: {integrity: sha512-/1psZZllBBSQ7+qo5+hhLz7AEPGLx3Z0+e3ramMBEuPK2PfvLK4SrncDB9VegX5mBn+oP/UTDrM6IHrFjvX1ZA==}
    engines: {node: '>=18.0.0'}

  '@smithy/middleware-serde@4.2.11':
    resolution: {integrity: sha512-STQdONGPwbbC7cusL60s7vOa6He6A9w2jWhoapL0mgVjmR19pr26slV+yoSP76SIssMTX/95e5nOZ6UQv6jolg==}
    engines: {node: '>=18.0.0'}

  '@smithy/middleware-stack@4.2.10':
    resolution: {integrity: sha512-pmts/WovNcE/tlyHa8z/groPeOtqtEpp61q3W0nW1nDJuMq/x+hWa/OVQBtgU0tBqupeXq0VBOLA4UZwE8I0YA==}
    engines: {node: '>=18.0.0'}

  '@smithy/node-config-provider@4.3.10':
    resolution: {integrity: sha512-UALRbJtVX34AdP2VECKVlnNgidLHA2A7YgcJzwSBg1hzmnO/bZBHl/LDQQyYifzUwp1UOODnl9JJ3KNawpUJ9w==}
    engines: {node: '>=18.0.0'}

  '@smithy/node-http-handler@4.4.12':
    resolution: {integrity: sha512-zo1+WKJkR9x7ZtMeMDAAsq2PufwiLDmkhcjpWPRRkmeIuOm6nq1qjFICSZbnjBvD09ei8KMo26BWxsu2BUU+5w==}
    engines: {node: '>=18.0.0'}

  '@smithy/property-provider@4.2.10':
    resolution: {integrity: sha512-5jm60P0CU7tom0eNrZ7YrkgBaoLFXzmqB0wVS+4uK8PPGmosSrLNf6rRd50UBvukztawZ7zyA8TxlrKpF5z9jw==}
    engines: {node: '>=18.0.0'}

  '@smithy/protocol-http@5.3.10':
    resolution: {integrity: sha512-2NzVWpYY0tRdfeCJLsgrR89KE3NTWT2wGulhNUxYlRmtRmPwLQwKzhrfVaiNlA9ZpJvbW7cjTVChYKgnkqXj1A==}
    engines: {node: '>=18.0.0'}

  '@smithy/querystring-builder@4.2.10':
    resolution: {integrity: sha512-HeN7kEvuzO2DmAzLukE9UryiUvejD3tMp9a1D1NJETerIfKobBUCLfviP6QEk500166eD2IATaXM59qgUI+YDA==}
    engines: {node: '>=18.0.0'}

  '@smithy/querystring-parser@4.2.10':
    resolution: {integrity: sha512-4Mh18J26+ao1oX5wXJfWlTT+Q1OpDR8ssiC9PDOuEgVBGloqg18Fw7h5Ct8DyT9NBYwJgtJ2nLjKKFU6RP1G1Q==}
    engines: {node: '>=18.0.0'}

  '@smithy/service-error-classification@4.2.10':
    resolution: {integrity: sha512-0R/+/Il5y8nB/By90o8hy/bWVYptbIfvoTYad0igYQO5RefhNCDmNzqxaMx7K1t/QWo0d6UynqpqN5cCQt1MCg==}
    engines: {node: '>=18.0.0'}

  '@smithy/shared-ini-file-loader@4.4.5':
    resolution: {integrity: sha512-pHgASxl50rrtOztgQCPmOXFjRW+mCd7ALr/3uXNzRrRoGV5G2+78GOsQ3HlQuBVHCh9o6xqMNvlIKZjWn4Euug==}
    engines: {node: '>=18.0.0'}

  '@smithy/signature-v4@5.3.10':
    resolution: {integrity: sha512-Wab3wW8468WqTKIxI+aZe3JYO52/RYT/8sDOdzkUhjnLakLe9qoQqIcfih/qxcF4qWEFoWBszY0mj5uxffaVXA==}
    engines: {node: '>=18.0.0'}

  '@smithy/smithy-client@4.12.0':
    resolution: {integrity: sha512-R8bQ9K3lCcXyZmBnQqUZJF4ChZmtWT5NLi6x5kgWx5D+/j0KorXcA0YcFg/X5TOgnTCy1tbKc6z2g2y4amFupQ==}
    engines: {node: '>=18.0.0'}

  '@smithy/types@4.13.0':
    resolution: {integrity: sha512-COuLsZILbbQsdrwKQpkkpyep7lCsByxwj7m0Mg5v66/ZTyenlfBc40/QFQ5chO0YN/PNEH1Bi3fGtfXPnYNeDw==}
    engines: {node: '>=18.0.0'}

  '@smithy/url-parser@4.2.10':
    resolution: {integrity: sha512-uypjF7fCDsRk26u3qHmFI/ePL7bxxB9vKkE+2WKEciHhz+4QtbzWiHRVNRJwU3cKhrYDYQE3b0MRFtqfLYdA4A==}
    engines: {node: '>=18.0.0'}

  '@smithy/util-base64@4.3.1':
    resolution: {integrity: sha512-BKGuawX4Doq/bI/uEmg+Zyc36rJKWuin3py89PquXBIBqmbnJwBBsmKhdHfNEp0+A4TDgLmT/3MSKZ1SxHcR6w==}
    engines: {node: '>=18.0.0'}

  '@smithy/util-body-length-browser@4.2.1':
    resolution: {integrity: sha512-SiJeLiozrAoCrgDBUgsVbmqHmMgg/2bA15AzcbcW+zan7SuyAVHN4xTSbq0GlebAIwlcaX32xacnrG488/J/6g==}
    engines: {node: '>=18.0.0'}

  '@smithy/util-body-length-node@4.2.2':
    resolution: {integrity: sha512-4rHqBvxtJEBvsZcFQSPQqXP2b/yy/YlB66KlcEgcH2WNoOKCKB03DSLzXmOsXjbl8dJ4OEYTn31knhdznwk7zw==}
    engines: {node: '>=18.0.0'}

  '@smithy/util-buffer-from@2.2.0':
    resolution: {integrity: sha512-IJdWBbTcMQ6DA0gdNhh/BwrLkDR+ADW5Kr1aZmd4k3DIF6ezMV4R2NIAmT08wQJ3yUK82thHWmC/TnK/wpMMIA==}
    engines: {node: '>=14.0.0'}

  '@smithy/util-buffer-from@4.2.1':
    resolution: {integrity: sha512-/swhmt1qTiVkaejlmMPPDgZhEaWb/HWMGRBheaxwuVkusp/z+ErJyQxO6kaXumOciZSWlmq6Z5mNylCd33X7Ig==}
    engines: {node: '>=18.0.0'}

  '@smithy/util-config-provider@4.2.1':
    resolution: {integrity: sha512-462id/00U8JWFw6qBuTSWfN5TxOHvDu4WliI97qOIOnuC/g+NDAknTU8eoGXEPlLkRVgWEr03jJBLV4o2FL8+A==}
    engines: {node: '>=18.0.0'}

  '@smithy/util-defaults-mode-browser@4.3.36':
    resolution: {integrity: sha512-R0smq7EHQXRVMxkAxtH5akJ/FvgAmNF6bUy/GwY/N20T4GrwjT633NFm0VuRpC+8Bbv8R9A0DoJ9OiZL/M3xew==}
    engines: {node: '>=18.0.0'}

  '@smithy/util-defaults-mode-node@4.2.39':
    resolution: {integrity: sha512-otWuoDm35btJV1L8MyHrPl462B07QCdMTktKc7/yM+Psv6KbED/ziXiHnmr7yPHUjfIwE9S8Max0LO24Mo3ZVg==}
    engines: {node: '>=18.0.0'}

  '@smithy/util-endpoints@3.3.1':
    resolution: {integrity: sha512-xyctc4klmjmieQiF9I1wssBWleRV0RhJ2DpO8+8yzi2LO1Z+4IWOZNGZGNj4+hq9kdo+nyfrRLmQTzc16Op2Vg==}
    engines: {node: '>=18.0.0'}

  '@smithy/util-hex-encoding@4.2.1':
    resolution: {integrity: sha512-c1hHtkgAWmE35/50gmdKajgGAKV3ePJ7t6UtEmpfCWJmQE9BQAQPz0URUVI89eSkcDqCtzqllxzG28IQoZPvwA==}
    engines: {node: '>=18.0.0'}

  '@smithy/util-middleware@4.2.10':
    resolution: {integrity: sha512-LxaQIWLp4y0r72eA8mwPNQ9va4h5KeLM0I3M/HV9klmFaY2kN766wf5vsTzmaOpNNb7GgXAd9a25P3h8T49PSA==}
    engines: {node: '>=18.0.0'}

  '@smithy/util-retry@4.2.10':
    resolution: {integrity: sha512-HrBzistfpyE5uqTwiyLsFHscgnwB0kgv8vySp7q5kZ0Eltn/tjosaSGGDj/jJ9ys7pWzIP/icE2d+7vMKXLv7A==}
    engines: {node: '>=18.0.0'}

  '@smithy/util-stream@4.5.15':
    resolution: {integrity: sha512-OlOKnaqnkU9X+6wEkd7mN+WB7orPbCVDauXOj22Q7VtiTkvy7ZdSsOg4QiNAZMgI4OkvNf+/VLUC3VXkxuWJZw==}
    engines: {node: '>=18.0.0'}

  '@smithy/util-uri-escape@4.2.1':
    resolution: {integrity: sha512-YmiUDn2eo2IOiWYYvGQkgX5ZkBSiTQu4FlDo5jNPpAxng2t6Sjb6WutnZV9l6VR4eJul1ABmCrnWBC9hKHQa6Q==}
    engines: {node: '>=18.0.0'}

  '@smithy/util-utf8@2.3.0':
    resolution: {integrity: sha512-R8Rdn8Hy72KKcebgLiv8jQcQkXoLMOGGv5uI1/k0l+snqkOzQ1R0ChUBCxWMlBsFMekWjq0wRudIweFs7sKT5A==}
    engines: {node: '>=14.0.0'}

  '@smithy/util-utf8@4.2.1':
    resolution: {integrity: sha512-DSIwNaWtmzrNQHv8g7DBGR9mulSit65KSj5ymGEIAknmIN8IpbZefEep10LaMG/P/xquwbmJ1h9ectz8z6mV6g==}
    engines: {node: '>=18.0.0'}

  '@smithy/util-waiter@4.2.10':
    resolution: {integrity: sha512-4eTWph/Lkg1wZEDAyObwme0kmhEb7J/JjibY2znJdrYRgKbKqB7YoEhhJVJ4R1g/SYih4zuwX7LpJaM8RsnTVg==}
    engines: {node: '>=18.0.0'}

  '@smithy/uuid@1.1.1':
    resolution: {integrity: sha512-dSfDCeihDmZlV2oyr0yWPTUfh07suS+R5OB+FZGiv/hHyK3hrFBW5rR1UYjfa57vBsrP9lciFkRPzebaV1Qujw==}
    engines: {node: '>=18.0.0'}

  '@types/node@20.19.34':
    resolution: {integrity: sha512-by3/Z0Qp+L9cAySEsSNNwZ6WWw8ywgGLPQGgbQDhNRSitqYgkgp4pErd23ZSCavbtUA2CN4jQtoB3T8nk4j3Rg==}

  bowser@2.14.1:
    resolution: {integrity: sha512-tzPjzCxygAKWFOJP011oxFHs57HzIhOEracIgAePE4pqB3LikALKnSzUyU4MGs9/iCEUuHlAJTjTc5M+u7YEGg==}

  fast-xml-parser@5.3.6:
    resolution: {integrity: sha512-QNI3sAvSvaOiaMl8FYU4trnEzCwiRr8XMWgAHzlrWpTSj+QaCSvOf1h82OEP1s4hiAXhnbXSyFWCf4ldZzZRVA==}
    hasBin: true

  node-addon-api@8.5.0:
    resolution: {integrity: sha512-/bRZty2mXUIFY/xU5HLvveNHlswNJej+RnxBjOMkidWfwZzgTbPG1E3K5TOxRLOR+5hX7bSofy8yf1hZevMS8A==}
    engines: {node: ^18 || ^20 || >= 21}

  node-gyp-build@4.8.4:
    resolution: {integrity: sha512-LA4ZjwlnUblHVgq0oBF3Jl/6h/Nvs5fzBLwdEF4nuxnFdsfajde4WfxtJr3CaiH+F6ewcIB/q4jQ4UzPyid+CQ==}
    hasBin: true

  strnum@2.1.2:
    resolution: {integrity: sha512-l63NF9y/cLROq/yqKXSLtcMeeyOfnSQlfMSlzFt/K73oIaD8DGaQWd7Z34X9GPiKqP5rbSh84Hl4bOlLcjiSrQ==}

  tree-sitter-c-sharp@0.21.3:
    resolution: {integrity: sha512-TVsl5EhmqetO/mhzDPVnMK6TPFnpNMKP0OTNuAQIprshk5Hx672ODRxoIoG5WqvUUlsnBu8J0zmn35hmJqelsA==}
    peerDependencies:
      tree-sitter: ^0.21.0
      tree_sitter: '*'
    peerDependenciesMeta:
      tree_sitter:
        optional: true

  tree-sitter-java@0.21.0:
    resolution: {integrity: sha512-CKJiTo1uc3SUsgEcaZgufGx8my6dzihy8JR/JsJH40Tj3uSe2/eFLk+0q+fpbosGAyY4YiXJtEoFB2O4bS2yOw==}
    peerDependencies:
      tree-sitter: ^0.21.0
      tree_sitter: '*'
    peerDependenciesMeta:
      tree_sitter:
        optional: true

  tree-sitter-javascript@0.21.4:
    resolution: {integrity: sha512-Lrk8yahebwrwc1sWJE9xPcz1OnnqiEV7Dh5fbN6EN3wNAdu9r06HpTqLqDwUUbnG4EB46Sfk+FJFAOldfoKLOw==}
    peerDependencies:
      tree-sitter: ^0.21.1
      tree_sitter: '*'
    peerDependenciesMeta:
      tree_sitter:
        optional: true

  tree-sitter-typescript@0.21.2:
    resolution: {integrity: sha512-/RyNK41ZpkA8PuPZimR6pGLvNR1p0ibRUJwwQn4qAjyyLEIQD/BNlwS3NSxWtGsAWZe9gZ44VK1mWx2+eQVldg==}
    peerDependencies:
      tree-sitter: ^0.21.0
      tree_sitter: '*'
    peerDependenciesMeta:
      tree_sitter:
        optional: true

  tree-sitter@0.21.1:
    resolution: {integrity: sha512-7dxoA6kYvtgWw80265MyqJlkRl4yawIjO7S5MigytjELkX43fV2WsAXzsNfO7sBpPPCF5Gp0+XzHk0DwLCq3xQ==}

  tslib@2.8.1:
    resolution: {integrity: sha512-oJFu94HQb+KVduSUQL7wnpmqnfmLsOA/nAh6b6EH0wCEoK0/mPeXU6c3wKDV83MkOuHPRHtSXKKU99IBazS/2w==}

  undici-types@6.21.0:
    resolution: {integrity: sha512-iwDZqg0QAGrg9Rav5H4n0M64c3mkR59cJ6wQp+7C4nI0gsmExaedaYLNO44eT4AtBBwjbTiGPMlt2Md0T9H9JQ==}

snapshots:

  '@aws-crypto/crc32@5.2.0':
    dependencies:
      '@aws-crypto/util': 5.2.0
      '@aws-sdk/types': 3.973.3
      tslib: 2.8.1

  '@aws-crypto/crc32c@5.2.0':
    dependencies:
      '@aws-crypto/util': 5.2.0
      '@aws-sdk/types': 3.973.3
      tslib: 2.8.1

  '@aws-crypto/sha1-browser@5.2.0':
    dependencies:
      '@aws-crypto/supports-web-crypto': 5.2.0
      '@aws-crypto/util': 5.2.0
      '@aws-sdk/types': 3.973.3
      '@aws-sdk/util-locate-window': 3.965.4
      '@smithy/util-utf8': 2.3.0
      tslib: 2.8.1

  '@aws-crypto/sha256-browser@5.2.0':
    dependencies:
      '@aws-crypto/sha256-js': 5.2.0
      '@aws-crypto/supports-web-crypto': 5.2.0
      '@aws-crypto/util': 5.2.0
      '@aws-sdk/types': 3.973.3
      '@aws-sdk/util-locate-window': 3.965.4
      '@smithy/util-utf8': 2.3.0
      tslib: 2.8.1

  '@aws-crypto/sha256-js@5.2.0':
    dependencies:
      '@aws-crypto/util': 5.2.0
      '@aws-sdk/types': 3.973.3
      tslib: 2.8.1

  '@aws-crypto/supports-web-crypto@5.2.0':
    dependencies:
      tslib: 2.8.1

  '@aws-crypto/util@5.2.0':
    dependencies:
      '@aws-sdk/types': 3.973.3
      '@smithy/util-utf8': 2.3.0
      tslib: 2.8.1

  '@aws-sdk/client-s3@3.998.0':
    dependencies:
      '@aws-crypto/sha1-browser': 5.2.0
      '@aws-crypto/sha256-browser': 5.2.0
      '@aws-crypto/sha256-js': 5.2.0
      '@aws-sdk/core': 3.973.14
      '@aws-sdk/credential-provider-node': 3.972.13
      '@aws-sdk/middleware-bucket-endpoint': 3.972.5
      '@aws-sdk/middleware-expect-continue': 3.972.5
      '@aws-sdk/middleware-flexible-checksums': 3.973.0
      '@aws-sdk/middleware-host-header': 3.972.5
      '@aws-sdk/middleware-location-constraint': 3.972.5
      '@aws-sdk/middleware-logger': 3.972.5
      '@aws-sdk/middleware-recursion-detection': 3.972.5
      '@aws-sdk/middleware-sdk-s3': 3.972.14
      '@aws-sdk/middleware-ssec': 3.972.5
      '@aws-sdk/middleware-user-agent': 3.972.14
      '@aws-sdk/region-config-resolver': 3.972.5
      '@aws-sdk/signature-v4-multi-region': 3.996.2
      '@aws-sdk/types': 3.973.3
      '@aws-sdk/util-endpoints': 3.996.2
      '@aws-sdk/util-user-agent-browser': 3.972.5
      '@aws-sdk/util-user-agent-node': 3.972.13
      '@smithy/config-resolver': 4.4.9
      '@smithy/core': 3.23.6
      '@smithy/eventstream-serde-browser': 4.2.10
      '@smithy/eventstream-serde-config-resolver': 4.3.10
      '@smithy/eventstream-serde-node': 4.2.10
      '@smithy/fetch-http-handler': 5.3.11
      '@smithy/hash-blob-browser': 4.2.11
      '@smithy/hash-node': 4.2.10
      '@smithy/hash-stream-node': 4.2.10
      '@smithy/invalid-dependency': 4.2.10
      '@smithy/md5-js': 4.2.10
      '@smithy/middleware-content-length': 4.2.10
      '@smithy/middleware-endpoint': 4.4.20
      '@smithy/middleware-retry': 4.4.37
      '@smithy/middleware-serde': 4.2.11
      '@smithy/middleware-stack': 4.2.10
      '@smithy/node-config-provider': 4.3.10
      '@smithy/node-http-handler': 4.4.12
      '@smithy/protocol-http': 5.3.10
      '@smithy/smithy-client': 4.12.0
      '@smithy/types': 4.13.0
      '@smithy/url-parser': 4.2.10
      '@smithy/util-base64': 4.3.1
      '@smithy/util-body-length-browser': 4.2.1
      '@smithy/util-body-length-node': 4.2.2
      '@smithy/util-defaults-mode-browser': 4.3.36
      '@smithy/util-defaults-mode-node': 4.2.39
      '@smithy/util-endpoints': 3.3.1
      '@smithy/util-middleware': 4.2.10
      '@smithy/util-retry': 4.2.10
      '@smithy/util-stream': 4.5.15
      '@smithy/util-utf8': 4.2.1
      '@smithy/util-waiter': 4.2.10
      tslib: 2.8.1
    transitivePeerDependencies:
      - aws-crt

  '@aws-sdk/core@3.973.14':
    dependencies:
      '@aws-sdk/types': 3.973.3
      '@aws-sdk/xml-builder': 3.972.7
      '@smithy/core': 3.23.6
      '@smithy/node-config-provider': 4.3.10
      '@smithy/property-provider': 4.2.10
      '@smithy/protocol-http': 5.3.10
      '@smithy/signature-v4': 5.3.10
      '@smithy/smithy-client': 4.12.0
      '@smithy/types': 4.13.0
      '@smithy/util-base64': 4.3.1
      '@smithy/util-middleware': 4.2.10
      '@smithy/util-utf8': 4.2.1
      tslib: 2.8.1

  '@aws-sdk/crc64-nvme@3.972.2':
    dependencies:
      '@smithy/types': 4.13.0
      tslib: 2.8.1

  '@aws-sdk/credential-provider-env@3.972.12':
    dependencies:
      '@aws-sdk/core': 3.973.14
      '@aws-sdk/types': 3.973.3
      '@smithy/property-provider': 4.2.10
      '@smithy/types': 4.13.0
      tslib: 2.8.1

  '@aws-sdk/credential-provider-http@3.972.14':
    dependencies:
      '@aws-sdk/core': 3.973.14
      '@aws-sdk/types': 3.973.3
      '@smithy/fetch-http-handler': 5.3.11
      '@smithy/node-http-handler': 4.4.12
      '@smithy/property-provider': 4.2.10
      '@smithy/protocol-http': 5.3.10
      '@smithy/smithy-client': 4.12.0
      '@smithy/types': 4.13.0
      '@smithy/util-stream': 4.5.15
      tslib: 2.8.1

  '@aws-sdk/credential-provider-ini@3.972.12':
    dependencies:
      '@aws-sdk/core': 3.973.14
      '@aws-sdk/credential-provider-env': 3.972.12
      '@aws-sdk/credential-provider-http': 3.972.14
      '@aws-sdk/credential-provider-login': 3.972.12
      '@aws-sdk/credential-provider-process': 3.972.12
      '@aws-sdk/credential-provider-sso': 3.972.12
      '@aws-sdk/credential-provider-web-identity': 3.972.12
      '@aws-sdk/nested-clients': 3.996.2
      '@aws-sdk/types': 3.973.3
      '@smithy/credential-provider-imds': 4.2.10
      '@smithy/property-provider': 4.2.10
      '@smithy/shared-ini-file-loader': 4.4.5
      '@smithy/types': 4.13.0
      tslib: 2.8.1
    transitivePeerDependencies:
      - aws-crt

  '@aws-sdk/credential-provider-login@3.972.12':
    dependencies:
      '@aws-sdk/core': 3.973.14
      '@aws-sdk/nested-clients': 3.996.2
      '@aws-sdk/types': 3.973.3
      '@smithy/property-provider': 4.2.10
      '@smithy/protocol-http': 5.3.10
      '@smithy/shared-ini-file-loader': 4.4.5
      '@smithy/types': 4.13.0
      tslib: 2.8.1
    transitivePeerDependencies:
      - aws-crt

  '@aws-sdk/credential-provider-node@3.972.13':
    dependencies:
      '@aws-sdk/credential-provider-env': 3.972.12
      '@aws-sdk/credential-provider-http': 3.972.14
      '@aws-sdk/credential-provider-ini': 3.972.12
      '@aws-sdk/credential-provider-process': 3.972.12
      '@aws-sdk/credential-provider-sso': 3.972.12
      '@aws-sdk/credential-provider-web-identity': 3.972.12
      '@aws-sdk/types': 3.973.3
      '@smithy/credential-provider-imds': 4.2.10
      '@smithy/property-provider': 4.2.10
      '@smithy/shared-ini-file-loader': 4.4.5
      '@smithy/types': 4.13.0
      tslib: 2.8.1
    transitivePeerDependencies:
      - aws-crt

  '@aws-sdk/credential-provider-process@3.972.12':
    dependencies:
      '@aws-sdk/core': 3.973.14
      '@aws-sdk/types': 3.973.3
      '@smithy/property-provider': 4.2.10
      '@smithy/shared-ini-file-loader': 4.4.5
      '@smithy/types': 4.13.0
      tslib: 2.8.1

  '@aws-sdk/credential-provider-sso@3.972.12':
    dependencies:
      '@aws-sdk/core': 3.973.14
      '@aws-sdk/nested-clients': 3.996.2
      '@aws-sdk/token-providers': 3.998.0
      '@aws-sdk/types': 3.973.3
      '@smithy/property-provider': 4.2.10
      '@smithy/shared-ini-file-loader': 4.4.5
      '@smithy/types': 4.13.0
      tslib: 2.8.1
    transitivePeerDependencies:
      - aws-crt

  '@aws-sdk/credential-provider-web-identity@3.972.12':
    dependencies:
      '@aws-sdk/core': 3.973.14
      '@aws-sdk/nested-clients': 3.996.2
      '@aws-sdk/types': 3.973.3
      '@smithy/property-provider': 4.2.10
      '@smithy/shared-ini-file-loader': 4.4.5
      '@smithy/types': 4.13.0
      tslib: 2.8.1
    transitivePeerDependencies:
      - aws-crt

  '@aws-sdk/middleware-bucket-endpoint@3.972.5':
    dependencies:
      '@aws-sdk/types': 3.973.3
      '@aws-sdk/util-arn-parser': 3.972.2
      '@smithy/node-config-provider': 4.3.10
      '@smithy/protocol-http': 5.3.10
      '@smithy/types': 4.13.0
      '@smithy/util-config-provider': 4.2.1
      tslib: 2.8.1

  '@aws-sdk/middleware-expect-continue@3.972.5':
    dependencies:
      '@aws-sdk/types': 3.973.3
      '@smithy/protocol-http': 5.3.10
      '@smithy/types': 4.13.0
      tslib: 2.8.1

  '@aws-sdk/middleware-flexible-checksums@3.973.0':
    dependencies:
      '@aws-crypto/crc32': 5.2.0
      '@aws-crypto/crc32c': 5.2.0
      '@aws-crypto/util': 5.2.0
      '@aws-sdk/core': 3.973.14
      '@aws-sdk/crc64-nvme': 3.972.2
      '@aws-sdk/types': 3.973.3
      '@smithy/is-array-buffer': 4.2.1
      '@smithy/node-config-provider': 4.3.10
      '@smithy/protocol-http': 5.3.10
      '@smithy/types': 4.13.0
      '@smithy/util-middleware': 4.2.10
      '@smithy/util-stream': 4.5.15
      '@smithy/util-utf8': 4.2.1
      tslib: 2.8.1

  '@aws-sdk/middleware-host-header@3.972.5':
    dependencies:
      '@aws-sdk/types': 3.973.3
      '@smithy/protocol-http': 5.3.10
      '@smithy/types': 4.13.0
      tslib: 2.8.1

  '@aws-sdk/middleware-location-constraint@3.972.5':
    dependencies:
      '@aws-sdk/types': 3.973.3
      '@smithy/types': 4.13.0
      tslib: 2.8.1

  '@aws-sdk/middleware-logger@3.972.5':
    dependencies:
      '@aws-sdk/types': 3.973.3
      '@smithy/types': 4.13.0
      tslib: 2.8.1

  '@aws-sdk/middleware-recursion-detection@3.972.5':
    dependencies:
      '@aws-sdk/types': 3.973.3
      '@aws/lambda-invoke-store': 0.2.3
      '@smithy/protocol-http': 5.3.10
      '@smithy/types': 4.13.0
      tslib: 2.8.1

  '@aws-sdk/middleware-sdk-s3@3.972.14':
    dependencies:
      '@aws-sdk/core': 3.973.14
      '@aws-sdk/types': 3.973.3
      '@aws-sdk/util-arn-parser': 3.972.2
      '@smithy/core': 3.23.6
      '@smithy/node-config-provider': 4.3.10
      '@smithy/protocol-http': 5.3.10
      '@smithy/signature-v4': 5.3.10
      '@smithy/smithy-client': 4.12.0
      '@smithy/types': 4.13.0
      '@smithy/util-config-provider': 4.2.1
      '@smithy/util-middleware': 4.2.10
      '@smithy/util-stream': 4.5.15
      '@smithy/util-utf8': 4.2.1
      tslib: 2.8.1

  '@aws-sdk/middleware-ssec@3.972.5':
    dependencies:
      '@aws-sdk/types': 3.973.3
      '@smithy/types': 4.13.0
      tslib: 2.8.1

  '@aws-sdk/middleware-user-agent@3.972.14':
    dependencies:
      '@aws-sdk/core': 3.973.14
      '@aws-sdk/types': 3.973.3
      '@aws-sdk/util-endpoints': 3.996.2
      '@smithy/core': 3.23.6
      '@smithy/protocol-http': 5.3.10
      '@smithy/types': 4.13.0
      tslib: 2.8.1

  '@aws-sdk/nested-clients@3.996.2':
    dependencies:
      '@aws-crypto/sha256-browser': 5.2.0
      '@aws-crypto/sha256-js': 5.2.0
      '@aws-sdk/core': 3.973.14
      '@aws-sdk/middleware-host-header': 3.972.5
      '@aws-sdk/middleware-logger': 3.972.5
      '@aws-sdk/middleware-recursion-detection': 3.972.5
      '@aws-sdk/middleware-user-agent': 3.972.14
      '@aws-sdk/region-config-resolver': 3.972.5
      '@aws-sdk/types': 3.973.3
      '@aws-sdk/util-endpoints': 3.996.2
      '@aws-sdk/util-user-agent-browser': 3.972.5
      '@aws-sdk/util-user-agent-node': 3.972.13
      '@smithy/config-resolver': 4.4.9
      '@smithy/core': 3.23.6
      '@smithy/fetch-http-handler': 5.3.11
      '@smithy/hash-node': 4.2.10
      '@smithy/invalid-dependency': 4.2.10
      '@smithy/middleware-content-length': 4.2.10
      '@smithy/middleware-endpoint': 4.4.20
      '@smithy/middleware-retry': 4.4.37
      '@smithy/middleware-serde': 4.2.11
      '@smithy/middleware-stack': 4.2.10
      '@smithy/node-config-provider': 4.3.10
      '@smithy/node-http-handler': 4.4.12
      '@smithy/protocol-http': 5.3.10
      '@smithy/smithy-client': 4.12.0
      '@smithy/types': 4.13.0
      '@smithy/url-parser': 4.2.10
      '@smithy/util-base64': 4.3.1
      '@smithy/util-body-length-browser': 4.2.1
      '@smithy/util-body-length-node': 4.2.2
      '@smithy/util-defaults-mode-browser': 4.3.36
      '@smithy/util-defaults-mode-node': 4.2.39
      '@smithy/util-endpoints': 3.3.1
      '@smithy/util-middleware': 4.2.10
      '@smithy/util-retry': 4.2.10
      '@smithy/util-utf8': 4.2.1
      tslib: 2.8.1
    transitivePeerDependencies:
      - aws-crt

  '@aws-sdk/region-config-resolver@3.972.5':
    dependencies:
      '@aws-sdk/types': 3.973.3
      '@smithy/config-resolver': 4.4.9
      '@smithy/node-config-provider': 4.3.10
      '@smithy/types': 4.13.0
      tslib: 2.8.1

  '@aws-sdk/signature-v4-multi-region@3.996.2':
    dependencies:
      '@aws-sdk/middleware-sdk-s3': 3.972.14
      '@aws-sdk/types': 3.973.3
      '@smithy/protocol-http': 5.3.10
      '@smithy/signature-v4': 5.3.10
      '@smithy/types': 4.13.0
      tslib: 2.8.1

  '@aws-sdk/token-providers@3.998.0':
    dependencies:
      '@aws-sdk/core': 3.973.14
      '@aws-sdk/nested-clients': 3.996.2
      '@aws-sdk/types': 3.973.3
      '@smithy/property-provider': 4.2.10
      '@smithy/shared-ini-file-loader': 4.4.5
      '@smithy/types': 4.13.0
      tslib: 2.8.1
    transitivePeerDependencies:
      - aws-crt

  '@aws-sdk/types@3.973.3':
    dependencies:
      '@smithy/types': 4.13.0
      tslib: 2.8.1

  '@aws-sdk/util-arn-parser@3.972.2':
    dependencies:
      tslib: 2.8.1

  '@aws-sdk/util-endpoints@3.996.2':
    dependencies:
      '@aws-sdk/types': 3.973.3
      '@smithy/types': 4.13.0
      '@smithy/url-parser': 4.2.10
      '@smithy/util-endpoints': 3.3.1
      tslib: 2.8.1

  '@aws-sdk/util-locate-window@3.965.4':
    dependencies:
      tslib: 2.8.1

  '@aws-sdk/util-user-agent-browser@3.972.5':
    dependencies:
      '@aws-sdk/types': 3.973.3
      '@smithy/types': 4.13.0
      bowser: 2.14.1
      tslib: 2.8.1

  '@aws-sdk/util-user-agent-node@3.972.13':
    dependencies:
      '@aws-sdk/middleware-user-agent': 3.972.14
      '@aws-sdk/types': 3.973.3
      '@smithy/node-config-provider': 4.3.10
      '@smithy/types': 4.13.0
      tslib: 2.8.1

  '@aws-sdk/xml-builder@3.972.7':
    dependencies:
      '@smithy/types': 4.13.0
      fast-xml-parser: 5.3.6
      tslib: 2.8.1

  '@aws/lambda-invoke-store@0.2.3': {}

  '@smithy/abort-controller@4.2.10':
    dependencies:
      '@smithy/types': 4.13.0
      tslib: 2.8.1

  '@smithy/chunked-blob-reader-native@4.2.2':
    dependencies:
      '@smithy/util-base64': 4.3.1
      tslib: 2.8.1

  '@smithy/chunked-blob-reader@5.2.1':
    dependencies:
      tslib: 2.8.1

  '@smithy/config-resolver@4.4.9':
    dependencies:
      '@smithy/node-config-provider': 4.3.10
      '@smithy/types': 4.13.0
      '@smithy/util-config-provider': 4.2.1
      '@smithy/util-endpoints': 3.3.1
      '@smithy/util-middleware': 4.2.10
      tslib: 2.8.1

  '@smithy/core@3.23.6':
    dependencies:
      '@smithy/middleware-serde': 4.2.11
      '@smithy/protocol-http': 5.3.10
      '@smithy/types': 4.13.0
      '@smithy/util-base64': 4.3.1
      '@smithy/util-body-length-browser': 4.2.1
      '@smithy/util-middleware': 4.2.10
      '@smithy/util-stream': 4.5.15
      '@smithy/util-utf8': 4.2.1
      '@smithy/uuid': 1.1.1
      tslib: 2.8.1

  '@smithy/credential-provider-imds@4.2.10':
    dependencies:
      '@smithy/node-config-provider': 4.3.10
      '@smithy/property-provider': 4.2.10
      '@smithy/types': 4.13.0
      '@smithy/url-parser': 4.2.10
      tslib: 2.8.1

  '@smithy/eventstream-codec@4.2.10':
    dependencies:
      '@aws-crypto/crc32': 5.2.0
      '@smithy/types': 4.13.0
      '@smithy/util-hex-encoding': 4.2.1
      tslib: 2.8.1

  '@smithy/eventstream-serde-browser@4.2.10':
    dependencies:
      '@smithy/eventstream-serde-universal': 4.2.10
      '@smithy/types': 4.13.0
      tslib: 2.8.1

  '@smithy/eventstream-serde-config-resolver@4.3.10':
    dependencies:
      '@smithy/types': 4.13.0
      tslib: 2.8.1

  '@smithy/eventstream-serde-node@4.2.10':
    dependencies:
      '@smithy/eventstream-serde-universal': 4.2.10
      '@smithy/types': 4.13.0
      tslib: 2.8.1

  '@smithy/eventstream-serde-universal@4.2.10':
    dependencies:
      '@smithy/eventstream-codec': 4.2.10
      '@smithy/types': 4.13.0
      tslib: 2.8.1

  '@smithy/fetch-http-handler@5.3.11':
    dependencies:
      '@smithy/protocol-http': 5.3.10
      '@smithy/querystring-builder': 4.2.10
      '@smithy/types': 4.13.0
      '@smithy/util-base64': 4.3.1
      tslib: 2.8.1

  '@smithy/hash-blob-browser@4.2.11':
    dependencies:
      '@smithy/chunked-blob-reader': 5.2.1
      '@smithy/chunked-blob-reader-native': 4.2.2
      '@smithy/types': 4.13.0
      tslib: 2.8.1

  '@smithy/hash-node@4.2.10':
    dependencies:
      '@smithy/types': 4.13.0
      '@smithy/util-buffer-from': 4.2.1
      '@smithy/util-utf8': 4.2.1
      tslib: 2.8.1

  '@smithy/hash-stream-node@4.2.10':
    dependencies:
      '@smithy/types': 4.13.0
      '@smithy/util-utf8': 4.2.1
      tslib: 2.8.1

  '@smithy/invalid-dependency@4.2.10':
    dependencies:
      '@smithy/types': 4.13.0
      tslib: 2.8.1

  '@smithy/is-array-buffer@2.2.0':
    dependencies:
      tslib: 2.8.1

  '@smithy/is-array-buffer@4.2.1':
    dependencies:
      tslib: 2.8.1

  '@smithy/md5-js@4.2.10':
    dependencies:
      '@smithy/types': 4.13.0
      '@smithy/util-utf8': 4.2.1
      tslib: 2.8.1

  '@smithy/middleware-content-length@4.2.10':
    dependencies:
      '@smithy/protocol-http': 5.3.10
      '@smithy/types': 4.13.0
      tslib: 2.8.1

  '@smithy/middleware-endpoint@4.4.20':
    dependencies:
      '@smithy/core': 3.23.6
      '@smithy/middleware-serde': 4.2.11
      '@smithy/node-config-provider': 4.3.10
      '@smithy/shared-ini-file-loader': 4.4.5
      '@smithy/types': 4.13.0
      '@smithy/url-parser': 4.2.10
      '@smithy/util-middleware': 4.2.10
      tslib: 2.8.1

  '@smithy/middleware-retry@4.4.37':
    dependencies:
      '@smithy/node-config-provider': 4.3.10
      '@smithy/protocol-http': 5.3.10
      '@smithy/service-error-classification': 4.2.10
      '@smithy/smithy-client': 4.12.0
      '@smithy/types': 4.13.0
      '@smithy/util-middleware': 4.2.10
      '@smithy/util-retry': 4.2.10
      '@smithy/uuid': 1.1.1
      tslib: 2.8.1

  '@smithy/middleware-serde@4.2.11':
    dependencies:
      '@smithy/protocol-http': 5.3.10
      '@smithy/types': 4.13.0
      tslib: 2.8.1

  '@smithy/middleware-stack@4.2.10':
    dependencies:
      '@smithy/types': 4.13.0
      tslib: 2.8.1

  '@smithy/node-config-provider@4.3.10':
    dependencies:
      '@smithy/property-provider': 4.2.10
      '@smithy/shared-ini-file-loader': 4.4.5
      '@smithy/types': 4.13.0
      tslib: 2.8.1

  '@smithy/node-http-handler@4.4.12':
    dependencies:
      '@smithy/abort-controller': 4.2.10
      '@smithy/protocol-http': 5.3.10
      '@smithy/querystring-builder': 4.2.10
      '@smithy/types': 4.13.0
      tslib: 2.8.1

  '@smithy/property-provider@4.2.10':
    dependencies:
      '@smithy/types': 4.13.0
      tslib: 2.8.1

  '@smithy/protocol-http@5.3.10':
    dependencies:
      '@smithy/types': 4.13.0
      tslib: 2.8.1

  '@smithy/querystring-builder@4.2.10':
    dependencies:
      '@smithy/types': 4.13.0
      '@smithy/util-uri-escape': 4.2.1
      tslib: 2.8.1

  '@smithy/querystring-parser@4.2.10':
    dependencies:
      '@smithy/types': 4.13.0
      tslib: 2.8.1

  '@smithy/service-error-classification@4.2.10':
    dependencies:
      '@smithy/types': 4.13.0

  '@smithy/shared-ini-file-loader@4.4.5':
    dependencies:
      '@smithy/types': 4.13.0
      tslib: 2.8.1

  '@smithy/signature-v4@5.3.10':
    dependencies:
      '@smithy/is-array-buffer': 4.2.1
      '@smithy/protocol-http': 5.3.10
      '@smithy/types': 4.13.0
      '@smithy/util-hex-encoding': 4.2.1
      '@smithy/util-middleware': 4.2.10
      '@smithy/util-uri-escape': 4.2.1
      '@smithy/util-utf8': 4.2.1
      tslib: 2.8.1

  '@smithy/smithy-client@4.12.0':
    dependencies:
      '@smithy/core': 3.23.6
      '@smithy/middleware-endpoint': 4.4.20
      '@smithy/middleware-stack': 4.2.10
      '@smithy/protocol-http': 5.3.10
      '@smithy/types': 4.13.0
      '@smithy/util-stream': 4.5.15
      tslib: 2.8.1

  '@smithy/types@4.13.0':
    dependencies:
      tslib: 2.8.1

  '@smithy/url-parser@4.2.10':
    dependencies:
      '@smithy/querystring-parser': 4.2.10
      '@smithy/types': 4.13.0
      tslib: 2.8.1

  '@smithy/util-base64@4.3.1':
    dependencies:
      '@smithy/util-buffer-from': 4.2.1
      '@smithy/util-utf8': 4.2.1
      tslib: 2.8.1

  '@smithy/util-body-length-browser@4.2.1':
    dependencies:
      tslib: 2.8.1

  '@smithy/util-body-length-node@4.2.2':
    dependencies:
      tslib: 2.8.1

  '@smithy/util-buffer-from@2.2.0':
    dependencies:
      '@smithy/is-array-buffer': 2.2.0
      tslib: 2.8.1

  '@smithy/util-buffer-from@4.2.1':
    dependencies:
      '@smithy/is-array-buffer': 4.2.1
      tslib: 2.8.1

  '@smithy/util-config-provider@4.2.1':
    dependencies:
      tslib: 2.8.1

  '@smithy/util-defaults-mode-browser@4.3.36':
    dependencies:
      '@smithy/property-provider': 4.2.10
      '@smithy/smithy-client': 4.12.0
      '@smithy/types': 4.13.0
      tslib: 2.8.1

  '@smithy/util-defaults-mode-node@4.2.39':
    dependencies:
      '@smithy/config-resolver': 4.4.9
      '@smithy/credential-provider-imds': 4.2.10
      '@smithy/node-config-provider': 4.3.10
      '@smithy/property-provider': 4.2.10
      '@smithy/smithy-client': 4.12.0
      '@smithy/types': 4.13.0
      tslib: 2.8.1

  '@smithy/util-endpoints@3.3.1':
    dependencies:
      '@smithy/node-config-provider': 4.3.10
      '@smithy/types': 4.13.0
      tslib: 2.8.1

  '@smithy/util-hex-encoding@4.2.1':
    dependencies:
      tslib: 2.8.1

  '@smithy/util-middleware@4.2.10':
    dependencies:
      '@smithy/types': 4.13.0
      tslib: 2.8.1

  '@smithy/util-retry@4.2.10':
    dependencies:
      '@smithy/service-error-classification': 4.2.10
      '@smithy/types': 4.13.0
      tslib: 2.8.1

  '@smithy/util-stream@4.5.15':
    dependencies:
      '@smithy/fetch-http-handler': 5.3.11
      '@smithy/node-http-handler': 4.4.12
      '@smithy/types': 4.13.0
      '@smithy/util-base64': 4.3.1
      '@smithy/util-buffer-from': 4.2.1
      '@smithy/util-hex-encoding': 4.2.1
      '@smithy/util-utf8': 4.2.1
      tslib: 2.8.1

  '@smithy/util-uri-escape@4.2.1':
    dependencies:
      tslib: 2.8.1

  '@smithy/util-utf8@2.3.0':
    dependencies:
      '@smithy/util-buffer-from': 2.2.0
      tslib: 2.8.1

  '@smithy/util-utf8@4.2.1':
    dependencies:
      '@smithy/util-buffer-from': 4.2.1
      tslib: 2.8.1

  '@smithy/util-waiter@4.2.10':
    dependencies:
      '@smithy/abort-controller': 4.2.10
      '@smithy/types': 4.13.0
      tslib: 2.8.1

  '@smithy/uuid@1.1.1':
    dependencies:
      tslib: 2.8.1

  '@types/node@20.19.34':
    dependencies:
      undici-types: 6.21.0

  bowser@2.14.1: {}

  fast-xml-parser@5.3.6:
    dependencies:
      strnum: 2.1.2

  node-addon-api@8.5.0: {}

  node-gyp-build@4.8.4: {}

  strnum@2.1.2: {}

  tree-sitter-c-sharp@0.21.3(tree-sitter@0.21.1):
    dependencies:
      node-addon-api: 8.5.0
      node-gyp-build: 4.8.4
      tree-sitter: 0.21.1

  tree-sitter-java@0.21.0(tree-sitter@0.21.1):
    dependencies:
      node-addon-api: 8.5.0
      node-gyp-build: 4.8.4
      tree-sitter: 0.21.1

  tree-sitter-javascript@0.21.4(tree-sitter@0.21.1):
    dependencies:
      node-addon-api: 8.5.0
      node-gyp-build: 4.8.4
      tree-sitter: 0.21.1

  tree-sitter-typescript@0.21.2(tree-sitter@0.21.1):
    dependencies:
      node-addon-api: 8.5.0
      node-gyp-build: 4.8.4
      tree-sitter: 0.21.1

  tree-sitter@0.21.1:
    dependencies:
      node-addon-api: 8.5.0
      node-gyp-build: 4.8.4

  tslib@2.8.1: {}

  undici-types@6.21.0: {}
